
Microsoft Visual Studio Solution File, Format Version 12.00
# Visual Studio 15
Project("{FAE04EC0-301F-11D3-BF4B-00C04F79EFBC}") = "Catch it", "Assembly-CSharp.csproj", "{EF97246A-E899-D692-74FB-0AE8FC0F154B}"
EndProject
Global
	GlobalSection(SolutionConfigurationPlatforms) = preSolution
		Debug|Any CPU = Debug|Any CPU
		Release|Any CPU = Release|Any CPU
	EndGlobalSection
	GlobalSection(ProjectConfigurationPlatforms) = postSolution
		{EF97246A-E899-D692-74FB-0AE8FC0F154B}.Debug|Any CPU.ActiveCfg = Debug|Any CPU
		{EF97246A-E899-D692-74FB-0AE8FC0F154B}.Debug|Any CPU.Build.0 = Debug|Any CPU
		{EF97246A-E899-D692-74FB-0AE8FC0F154B}.Release|Any CPU.ActiveCfg = Release|Any CPU
		{EF97246A-E899-D692-74FB-0AE8FC0F154B}.Release|Any CPU.Build.0 = Release|Any CPU
	EndGlobalSection
	GlobalSection(SolutionProperties) = preSolution
		HideSolutionNode = FALSE
	EndGlobalSection
EndGlobal
